// !$*UTF8*$!
{
	archiveVersion = 1;
	classes = {
	};
	objectVersion = 46;
	objects = {

/* Begin PBXBuildFile section */
		D6017502175F8E1F004F5AA6 /* cities.csv in Resources */ = {isa = PBXBuildFile; fileRef = D6017501175F8E1F004F5AA6 /* cities.csv */; };
		D6017504175F8F4E004F5AA6 /* navbarback.png in Resources */ = {isa = PBXBuildFile; fileRef = D6017503175F8F4E004F5AA6 /* navbarback.png */; };
		D621DDE11767467500C3ED7F /* Transport Medium.ttf in Resources */ = {isa = PBXBuildFile; fileRef = D621DDE01767467500C3ED7F /* Transport Medium.ttf */; };
		D621DDE41767492E00C3ED7F /* UIFont+LandsEndFont.m in Sources */ = {isa = PBXBuildFile; fileRef = D621DDE31767492E00C3ED7F /* UIFont+LandsEndFont.m */; };
		D6A2658F1757AB4E00D27397 /* appIcon57x57.png in Resources */ = {isa = PBXBuildFile; fileRef = D6A2658E1757AB4E00D27397 /* appIcon57x57.png */; };
		D6A265911757AB5400D27397 /* appIcon114x114.png in Resources */ = {isa = PBXBuildFile; fileRef = D6A265901757AB5400D27397 /* appIcon114x114.png */; };
		D6A265931757ADFC00D27397 /* appIcon72X72.png in Resources */ = {isa = PBXBuildFile; fileRef = D6A265921757ADFC00D27397 /* appIcon72X72.png */; };
		D6A265951757AE0000D27397 /* appIcon144X144.png in Resources */ = {isa = PBXBuildFile; fileRef = D6A265941757AE0000D27397 /* appIcon144X144.png */; };
		D6D36EC31754C13A00A6C924 /* UIColor+LandsEndColor.m in Sources */ = {isa = PBXBuildFile; fileRef = D6D36EC21754C13A00A6C924 /* UIColor+LandsEndColor.m */; };
		D6D36EC71754CEDC00A6C924 /* QuartzCore.framework in Frameworks */ = {isa = PBXBuildFile; fileRef = D6D36EC61754CEDC00A6C924 /* QuartzCore.framework */; };
		D6EB097C1752A5D000E42FA4 /* UIKit.framework in Frameworks */ = {isa = PBXBuildFile; fileRef = D6EB097B1752A5D000E42FA4 /* UIKit.framework */; };
		D6EB097E1752A5D000E42FA4 /* Foundation.framework in Frameworks */ = {isa = PBXBuildFile; fileRef = D6EB097D1752A5D000E42FA4 /* Foundation.framework */; };
		D6EB09801752A5D000E42FA4 /* CoreGraphics.framework in Frameworks */ = {isa = PBXBuildFile; fileRef = D6EB097F1752A5D000E42FA4 /* CoreGraphics.framework */; };
		D6EB09861752A5D000E42FA4 /* InfoPlist.strings in Resources */ = {isa = PBXBuildFile; fileRef = D6EB09841752A5D000E42FA4 /* InfoPlist.strings */; };
		D6EB09881752A5D000E42FA4 /* main.m in Sources */ = {isa = PBXBuildFile; fileRef = D6EB09871752A5D000E42FA4 /* main.m */; };
		D6EB098C1752A5D000E42FA4 /* AppDelegate.m in Sources */ = {isa = PBXBuildFile; fileRef = D6EB098B1752A5D000E42FA4 /* AppDelegate.m */; };
		D6EB098E1752A5D000E42FA4 /* Default.png in Resources */ = {isa = PBXBuildFile; fileRef = D6EB098D1752A5D000E42FA4 /* Default.png */; };
		D6EB09901752A5D000E42FA4 /* Default@2x.png in Resources */ = {isa = PBXBuildFile; fileRef = D6EB098F1752A5D000E42FA4 /* Default@2x.png */; };
		D6EB09921752A5D000E42FA4 /* Default-568h@2x.png in Resources */ = {isa = PBXBuildFile; fileRef = D6EB09911752A5D000E42FA4 /* Default-568h@2x.png */; };
		D6EB09951752A5D000E42FA4 /* MainStoryboard_iPhone.storyboard in Resources */ = {isa = PBXBuildFile; fileRef = D6EB09931752A5D000E42FA4 /* MainStoryboard_iPhone.storyboard */; };
		D6EB09981752A5D000E42FA4 /* MainStoryboard_iPad.storyboard in Resources */ = {isa = PBXBuildFile; fileRef = D6EB09961752A5D000E42FA4 /* MainStoryboard_iPad.storyboard */; };
		D6EB099B1752A5D000E42FA4 /* ViewController.m in Sources */ = {isa = PBXBuildFile; fileRef = D6EB099A1752A5D000E42FA4 /* ViewController.m */; };
		D6EB09BB1752A89000E42FA4 /* City.m in Sources */ = {isa = PBXBuildFile; fileRef = D6EB09BA1752A89000E42FA4 /* City.m */; };
		D6EB09BD1752A90400E42FA4 /* CoreLocation.framework in Frameworks */ = {isa = PBXBuildFile; fileRef = D6EB09BC1752A90400E42FA4 /* CoreLocation.framework */; };
		D6EB09C41752B0FC00E42FA4 /* CityTableViewCell.m in Sources */ = {isa = PBXBuildFile; fileRef = D6EB09C31752B0FC00E42FA4 /* CityTableViewCell.m */; };
/* End PBXBuildFile section */

/* Begin PBXFileReference section */
		D6017501175F8E1F004F5AA6 /* cities.csv */ = {isa = PBXFileReference; fileEncoding = 4; lastKnownFileType = text; path = cities.csv; sourceTree = "<group>"; };
		D6017503175F8F4E004F5AA6 /* navbarback.png */ = {isa = PBXFileReference; lastKnownFileType = image.png; path = navbarback.png; sourceTree = "<group>"; };
		D621DDE01767467500C3ED7F /* Transport Medium.ttf */ = {isa = PBXFileReference; lastKnownFileType = file; path = "Transport Medium.ttf"; sourceTree = "<group>"; };
		D621DDE21767492E00C3ED7F /* UIFont+LandsEndFont.h */ = {isa = PBXFileReference; fileEncoding = 4; lastKnownFileType = sourcecode.c.h; path = "UIFont+LandsEndFont.h"; sourceTree = "<group>"; };
		D621DDE31767492E00C3ED7F /* UIFont+LandsEndFont.m */ = {isa = PBXFileReference; fileEncoding = 4; lastKnownFileType = sourcecode.c.objc; path = "UIFont+LandsEndFont.m"; sourceTree = "<group>"; };
		D6A2658E1757AB4E00D27397 /* appIcon57x57.png */ = {isa = PBXFileReference; lastKnownFileType = image.png; path = appIcon57x57.png; sourceTree = "<group>"; };
		D6A265901757AB5400D27397 /* appIcon114x114.png */ = {isa = PBXFileReference; lastKnownFileType = image.png; path = appIcon114x114.png; sourceTree = "<group>"; };
		D6A265921757ADFC00D27397 /* appIcon72X72.png */ = {isa = PBXFileReference; lastKnownFileType = image.png; path = appIcon72X72.png; sourceTree = "<group>"; };
		D6A265941757AE0000D27397 /* appIcon144X144.png */ = {isa = PBXFileReference; lastKnownFileType = image.png; path = appIcon144X144.png; sourceTree = "<group>"; };
		D6D36EC11754C13A00A6C924 /* UIColor+LandsEndColor.h */ = {isa = PBXFileReference; fileEncoding = 4; lastKnownFileType = sourcecode.c.h; path = "UIColor+LandsEndColor.h"; sourceTree = "<group>"; };
		D6D36EC21754C13A00A6C924 /* UIColor+LandsEndColor.m */ = {isa = PBXFileReference; fileEncoding = 4; lastKnownFileType = sourcecode.c.objc; path = "UIColor+LandsEndColor.m"; sourceTree = "<group>"; };
		D6D36EC61754CEDC00A6C924 /* QuartzCore.framework */ = {isa = PBXFileReference; lastKnownFileType = wrapper.framework; name = QuartzCore.framework; path = System/Library/Frameworks/QuartzCore.framework; sourceTree = SDKROOT; };
		D6EB09781752A5D000E42FA4 /* Lands End.app */ = {isa = PBXFileReference; explicitFileType = wrapper.application; includeInIndex = 0; path = "Lands End.app"; sourceTree = BUILT_PRODUCTS_DIR; };
		D6EB097B1752A5D000E42FA4 /* UIKit.framework */ = {isa = PBXFileReference; lastKnownFileType = wrapper.framework; name = UIKit.framework; path = System/Library/Frameworks/UIKit.framework; sourceTree = SDKROOT; };
		D6EB097D1752A5D000E42FA4 /* Foundation.framework */ = {isa = PBXFileReference; lastKnownFileType = wrapper.framework; name = Foundation.framework; path = System/Library/Frameworks/Foundation.framework; sourceTree = SDKROOT; };
		D6EB097F1752A5D000E42FA4 /* CoreGraphics.framework */ = {isa = PBXFileReference; lastKnownFileType = wrapper.framework; name = CoreGraphics.framework; path = System/Library/Frameworks/CoreGraphics.framework; sourceTree = SDKROOT; };
		D6EB09831752A5D000E42FA4 /* LandsEnd-Info.plist */ = {isa = PBXFileReference; lastKnownFileType = text.plist.xml; path = "LandsEnd-Info.plist"; sourceTree = "<group>"; };
		D6EB09851752A5D000E42FA4 /* en */ = {isa = PBXFileReference; lastKnownFileType = text.plist.strings; name = en; path = en.lproj/InfoPlist.strings; sourceTree = "<group>"; };
		D6EB09871752A5D000E42FA4 /* main.m */ = {isa = PBXFileReference; lastKnownFileType = sourcecode.c.objc; path = main.m; sourceTree = "<group>"; };
		D6EB09891752A5D000E42FA4 /* LandsEnd-Prefix.pch */ = {isa = PBXFileReference; lastKnownFileType = sourcecode.c.h; path = "LandsEnd-Prefix.pch"; sourceTree = "<group>"; };
		D6EB098A1752A5D000E42FA4 /* AppDelegate.h */ = {isa = PBXFileReference; lastKnownFileType = sourcecode.c.h; path = AppDelegate.h; sourceTree = "<group>"; };
		D6EB098B1752A5D000E42FA4 /* AppDelegate.m */ = {isa = PBXFileReference; lastKnownFileType = sourcecode.c.objc; path = AppDelegate.m; sourceTree = "<group>"; };
		D6EB098D1752A5D000E42FA4 /* Default.png */ = {isa = PBXFileReference; lastKnownFileType = image.png; path = Default.png; sourceTree = "<group>"; };
		D6EB098F1752A5D000E42FA4 /* Default@2x.png */ = {isa = PBXFileReference; lastKnownFileType = image.png; path = "Default@2x.png"; sourceTree = "<group>"; };
		D6EB09911752A5D000E42FA4 /* Default-568h@2x.png */ = {isa = PBXFileReference; lastKnownFileType = image.png; path = "Default-568h@2x.png"; sourceTree = "<group>"; };
		D6EB09941752A5D000E42FA4 /* en */ = {isa = PBXFileReference; lastKnownFileType = file.storyboard; name = en; path = en.lproj/MainStoryboard_iPhone.storyboard; sourceTree = "<group>"; };
		D6EB09971752A5D000E42FA4 /* en */ = {isa = PBXFileReference; lastKnownFileType = file.storyboard; name = en; path = en.lproj/MainStoryboard_iPad.storyboard; sourceTree = "<group>"; };
		D6EB09991752A5D000E42FA4 /* ViewController.h */ = {isa = PBXFileReference; lastKnownFileType = sourcecode.c.h; path = ViewController.h; sourceTree = "<group>"; };
		D6EB099A1752A5D000E42FA4 /* ViewController.m */ = {isa = PBXFileReference; lastKnownFileType = sourcecode.c.objc; path = ViewController.m; sourceTree = "<group>"; };
		D6EB09B91752A89000E42FA4 /* City.h */ = {isa = PBXFileReference; fileEncoding = 4; lastKnownFileType = sourcecode.c.h; path = City.h; sourceTree = "<group>"; };
		D6EB09BA1752A89000E42FA4 /* City.m */ = {isa = PBXFileReference; fileEncoding = 4; lastKnownFileType = sourcecode.c.objc; path = City.m; sourceTree = "<group>"; };
		D6EB09BC1752A90400E42FA4 /* CoreLocation.framework */ = {isa = PBXFileReference; lastKnownFileType = wrapper.framework; name = CoreLocation.framework; path = System/Library/Frameworks/CoreLocation.framework; sourceTree = SDKROOT; };
		D6EB09C21752B0FC00E42FA4 /* CityTableViewCell.h */ = {isa = PBXFileReference; fileEncoding = 4; lastKnownFileType = sourcecode.c.h; path = CityTableViewCell.h; sourceTree = "<group>"; };
		D6EB09C31752B0FC00E42FA4 /* CityTableViewCell.m */ = {isa = PBXFileReference; fileEncoding = 4; lastKnownFileType = sourcecode.c.objc; path = CityTableViewCell.m; sourceTree = "<group>"; };
/* End PBXFileReference section */

/* Begin PBXFrameworksBuildPhase section */
		D6EB09751752A5D000E42FA4 /* Frameworks */ = {
			isa = PBXFrameworksBuildPhase;
			buildActionMask = 2147483647;
			files = (
				D6EB097C1752A5D000E42FA4 /* UIKit.framework in Frameworks */,
				D6EB097E1752A5D000E42FA4 /* Foundation.framework in Frameworks */,
				D6EB09801752A5D000E42FA4 /* CoreGraphics.framework in Frameworks */,
				D6EB09BD1752A90400E42FA4 /* CoreLocation.framework in Frameworks */,
				D6D36EC71754CEDC00A6C924 /* QuartzCore.framework in Frameworks */,
			);
			runOnlyForDeploymentPostprocessing = 0;
		};
/* End PBXFrameworksBuildPhase section */

/* Begin PBXGroup section */
		D6A2658117578EA700D27397 /* Categories */ = {
			isa = PBXGroup;
			children = (
				D6D36EC11754C13A00A6C924 /* UIColor+LandsEndColor.h */,
				D6D36EC21754C13A00A6C924 /* UIColor+LandsEndColor.m */,
				D621DDE21767492E00C3ED7F /* UIFont+LandsEndFont.h */,
				D621DDE31767492E00C3ED7F /* UIFont+LandsEndFont.m */,
			);
			name = Categories;
			sourceTree = "<group>";
		};
		D6A2658217578EC400D27397 /* Resources */ = {
			isa = PBXGroup;
			children = (
				D6017503175F8F4E004F5AA6 /* navbarback.png */,
				D6017501175F8E1F004F5AA6 /* cities.csv */,
				D621DDE01767467500C3ED7F /* Transport Medium.ttf */,
			);
			name = Resources;
			sourceTree = "<group>";
		};
		D6A2658317578EE600D27397 /* Storyboards */ = {
			isa = PBXGroup;
			children = (
				D6EB09931752A5D000E42FA4 /* MainStoryboard_iPhone.storyboard */,
				D6EB09961752A5D000E42FA4 /* MainStoryboard_iPad.storyboard */,
			);
			name = Storyboards;
			sourceTree = "<group>";
		};
		D6A265841757920F00D27397 /* TableViewCells */ = {
			isa = PBXGroup;
			children = (
				D6EB09C21752B0FC00E42FA4 /* CityTableViewCell.h */,
				D6EB09C31752B0FC00E42FA4 /* CityTableViewCell.m */,
			);
			name = TableViewCells;
			sourceTree = "<group>";
		};
		D6A265851757921C00D27397 /* ViewControllers */ = {
			isa = PBXGroup;
			children = (
				D6EB09991752A5D000E42FA4 /* ViewController.h */,
				D6EB099A1752A5D000E42FA4 /* ViewController.m */,
			);
			name = ViewControllers;
			sourceTree = "<group>";
		};
		D6A265861757923500D27397 /* Other */ = {
			isa = PBXGroup;
			children = (
				D6EB098A1752A5D000E42FA4 /* AppDelegate.h */,
				D6EB098B1752A5D000E42FA4 /* AppDelegate.m */,
			);
			name = Other;
			sourceTree = "<group>";
		};
		D6A265871757924700D27397 /* Data */ = {
			isa = PBXGroup;
			children = (
				D6EB09B91752A89000E42FA4 /* City.h */,
				D6EB09BA1752A89000E42FA4 /* City.m */,
			);
			name = Data;
			sourceTree = "<group>";
		};
		D6EB096F1752A5D000E42FA4 = {
			isa = PBXGroup;
			children = (
				D6A265941757AE0000D27397 /* appIcon144X144.png */,
				D6A265921757ADFC00D27397 /* appIcon72X72.png */,
				D6A265901757AB5400D27397 /* appIcon114x114.png */,
				D6A2658E1757AB4E00D27397 /* appIcon57x57.png */,
				D6EB09811752A5D000E42FA4 /* LandsEnd */,
				D6EB097A1752A5D000E42FA4 /* Frameworks */,
				D6EB09791752A5D000E42FA4 /* Products */,
			);
			sourceTree = "<group>";
		};
		D6EB09791752A5D000E42FA4 /* Products */ = {
			isa = PBXGroup;
			children = (
				D6EB09781752A5D000E42FA4 /* Lands End.app */,
			);
			name = Products;
			sourceTree = "<group>";
		};
		D6EB097A1752A5D000E42FA4 /* Frameworks */ = {
			isa = PBXGroup;
			children = (
				D6D36EC61754CEDC00A6C924 /* QuartzCore.framework */,
				D6EB09BC1752A90400E42FA4 /* CoreLocation.framework */,
				D6EB097B1752A5D000E42FA4 /* UIKit.framework */,
				D6EB097D1752A5D000E42FA4 /* Foundation.framework */,
				D6EB097F1752A5D000E42FA4 /* CoreGraphics.framework */,
			);
			name = Frameworks;
			sourceTree = "<group>";
		};
		D6EB09811752A5D000E42FA4 /* LandsEnd */ = {
			isa = PBXGroup;
			children = (
				D6A2658117578EA700D27397 /* Categories */,
				D6A265871757924700D27397 /* Data */,
				D6A265861757923500D27397 /* Other */,
				D6A2658217578EC400D27397 /* Resources */,
				D6A2658317578EE600D27397 /* Storyboards */,
				D6EB09821752A5D000E42FA4 /* Supporting Files */,
				D6A265841757920F00D27397 /* TableViewCells */,
				D6A265851757921C00D27397 /* ViewControllers */,
			);
			path = LandsEnd;
			sourceTree = "<group>";
		};
		D6EB09821752A5D000E42FA4 /* Supporting Files */ = {
			isa = PBXGroup;
			children = (
				D6EB09831752A5D000E42FA4 /* LandsEnd-Info.plist */,
				D6EB09841752A5D000E42FA4 /* InfoPlist.strings */,
				D6EB09871752A5D000E42FA4 /* main.m */,
				D6EB09891752A5D000E42FA4 /* LandsEnd-Prefix.pch */,
				D6EB098D1752A5D000E42FA4 /* Default.png */,
				D6EB098F1752A5D000E42FA4 /* Default@2x.png */,
				D6EB09911752A5D000E42FA4 /* Default-568h@2x.png */,
			);
			name = "Supporting Files";
			sourceTree = "<group>";
		};
/* End PBXGroup section */

/* Begin PBXNativeTarget section */
		D6EB09771752A5D000E42FA4 /* Lands End */ = {
			isa = PBXNativeTarget;
			buildConfigurationList = D6EB09B31752A5D100E42FA4 /* Build configuration list for PBXNativeTarget "Lands End" */;
			buildPhases = (
				D6EB09741752A5D000E42FA4 /* Sources */,
				D6EB09751752A5D000E42FA4 /* Frameworks */,
				D6EB09761752A5D000E42FA4 /* Resources */,
			);
			buildRules = (
			);
			dependencies = (
			);
			name = "Lands End";
			productName = LandsEnd;
			productReference = D6EB09781752A5D000E42FA4 /* Lands End.app */;
			productType = "com.apple.product-type.application";
		};
/* End PBXNativeTarget section */

/* Begin PBXProject section */
		D6EB09701752A5D000E42FA4 /* Project object */ = {
			isa = PBXProject;
			attributes = {
				LastUpgradeCheck = 0460;
				ORGANIZATIONNAME = "daren taylor";
			};
			buildConfigurationList = D6EB09731752A5D000E42FA4 /* Build configuration list for PBXProject "LandsEnd" */;
			compatibilityVersion = "Xcode 3.2";
			developmentRegion = English;
			hasScannedForEncodings = 0;
			knownRegions = (
				en,
			);
			mainGroup = D6EB096F1752A5D000E42FA4;
			productRefGroup = D6EB09791752A5D000E42FA4 /* Products */;
			projectDirPath = "";
			projectRoot = "";
			targets = (
				D6EB09771752A5D000E42FA4 /* Lands End */,
			);
		};
/* End PBXProject section */

/* Begin PBXResourcesBuildPhase section */
		D6EB09761752A5D000E42FA4 /* Resources */ = {
			isa = PBXResourcesBuildPhase;
			buildActionMask = 2147483647;
			files = (
				D6EB09861752A5D000E42FA4 /* InfoPlist.strings in Resources */,
				D6EB098E1752A5D000E42FA4 /* Default.png in Resources */,
				D6EB09901752A5D000E42FA4 /* Default@2x.png in Resources */,
				D6EB09921752A5D000E42FA4 /* Default-568h@2x.png in Resources */,
				D6EB09951752A5D000E42FA4 /* MainStoryboard_iPhone.storyboard in Resources */,
				D6EB09981752A5D000E42FA4 /* MainStoryboard_iPad.storyboard in Resources */,
				D6A2658F1757AB4E00D27397 /* appIcon57x57.png in Resources */,
				D6A265911757AB5400D27397 /* appIcon114x114.png in Resources */,
				D6A265931757ADFC00D27397 /* appIcon72X72.png in Resources */,
				D6A265951757AE0000D27397 /* appIcon144X144.png in Resources */,
				D6017502175F8E1F004F5AA6 /* cities.csv in Resources */,
				D6017504175F8F4E004F5AA6 /* navbarback.png in Resources */,
				D621DDE11767467500C3ED7F /* Transport Medium.ttf in Resources */,
			);
			runOnlyForDeploymentPostprocessing = 0;
		};
/* End PBXResourcesBuildPhase section */

/* Begin PBXSourcesBuildPhase section */
		D6EB09741752A5D000E42FA4 /* Sources */ = {
			isa = PBXSourcesBuildPhase;
			buildActionMask = 2147483647;
			files = (
				D6EB09881752A5D000E42FA4 /* main.m in Sources */,
				D6EB098C1752A5D000E42FA4 /* AppDelegate.m in Sources */,
				D6EB099B1752A5D000E42FA4 /* ViewController.m in Sources */,
				D6EB09BB1752A89000E42FA4 /* City.m in Sources */,
				D6EB09C41752B0FC00E42FA4 /* CityTableViewCell.m in Sources */,
				D6D36EC31754C13A00A6C924 /* UIColor+LandsEndColor.m in Sources */,
				D621DDE41767492E00C3ED7F /* UIFont+LandsEndFont.m in Sources */,
			);
			runOnlyForDeploymentPostprocessing = 0;
		};
/* End PBXSourcesBuildPhase section */

/* Begin PBXVariantGroup section */
		D6EB09841752A5D000E42FA4 /* InfoPlist.strings */ = {
			isa = PBXVariantGroup;
			children = (
				D6EB09851752A5D000E42FA4 /* en */,
			);
			name = InfoPlist.strings;
			sourceTree = "<group>";
		};
		D6EB09931752A5D000E42FA4 /* MainStoryboard_iPhone.storyboard */ = {
			isa = PBXVariantGroup;
			children = (
				D6EB09941752A5D000E42FA4 /* en */,
			);
			name = MainStoryboard_iPhone.storyboard;
			sourceTree = "<group>";
		};
		D6EB09961752A5D000E42FA4 /* MainStoryboard_iPad.storyboard */ = {
			isa = PBXVariantGroup;
			children = (
				D6EB09971752A5D000E42FA4 /* en */,
			);
			name = MainStoryboard_iPad.storyboard;
			sourceTree = "<group>";
		};
/* End PBXVariantGroup section */

/* Begin XCBuildConfiguration section */
		D6EB09B11752A5D100E42FA4 /* Debug */ = {
			isa = XCBuildConfiguration;
			buildSettings = {
				ALWAYS_SEARCH_USER_PATHS = NO;
				CLANG_CXX_LANGUAGE_STANDARD = "gnu++0x";
				CLANG_CXX_LIBRARY = "libc++";
				CLANG_ENABLE_OBJC_ARC = YES;
				CLANG_WARN_CONSTANT_CONVERSION = YES;
				CLANG_WARN_EMPTY_BODY = YES;
				CLANG_WARN_ENUM_CONVERSION = YES;
				CLANG_WARN_INT_CONVERSION = YES;
				CLANG_WARN__DUPLICATE_METHOD_MATCH = YES;
				"CODE_SIGN_IDENTITY[sdk=iphoneos*]" = "iPhone Developer";
				COPY_PHASE_STRIP = NO;
				GCC_C_LANGUAGE_STANDARD = gnu99;
				GCC_DYNAMIC_NO_PIC = NO;
				GCC_OPTIMIZATION_LEVEL = 0;
				GCC_PREPROCESSOR_DEFINITIONS = (
					"DEBUG=1",
					"$(inherited)",
				);
				GCC_SYMBOLS_PRIVATE_EXTERN = NO;
				GCC_WARN_ABOUT_RETURN_TYPE = YES;
				GCC_WARN_UNINITIALIZED_AUTOS = YES;
				GCC_WARN_UNUSED_VARIABLE = YES;
				IPHONEOS_DEPLOYMENT_TARGET = 6.1;
				ONLY_ACTIVE_ARCH = YES;
				SDKROOT = iphoneos;
				TARGETED_DEVICE_FAMILY = "1,2";
			};
			name = Debug;
		};
		D6EB09B21752A5D100E42FA4 /* Release */ = {
			isa = XCBuildConfiguration;
			buildSettings = {
				ALWAYS_SEARCH_USER_PATHS = NO;
				CLANG_CXX_LANGUAGE_STANDARD = "gnu++0x";
				CLANG_CXX_LIBRARY = "libc++";
				CLANG_ENABLE_OBJC_ARC = YES;
				CLANG_WARN_CONSTANT_CONVERSION = YES;
				CLANG_WARN_EMPTY_BODY = YES;
				CLANG_WARN_ENUM_CONVERSION = YES;
				CLANG_WARN_INT_CONVERSION = YES;
				CLANG_WARN__DUPLICATE_METHOD_MATCH = YES;
				"CODE_SIGN_IDENTITY[sdk=iphoneos*]" = "iPhone Developer";
				COPY_PHASE_STRIP = YES;
				GCC_C_LANGUAGE_STANDARD = gnu99;
				GCC_WARN_ABOUT_RETURN_TYPE = YES;
				GCC_WARN_UNINITIALIZED_AUTOS = YES;
				GCC_WARN_UNUSED_VARIABLE = YES;
				IPHONEOS_DEPLOYMENT_TARGET = 6.1;
				OTHER_CFLAGS = "-DNS_BLOCK_ASSERTIONS=1";
				SDKROOT = iphoneos;
				TARGETED_DEVICE_FAMILY = "1,2";
				VALIDATE_PRODUCT = YES;
			};
			name = Release;
		};
		D6EB09B41752A5D100E42FA4 /* Debug */ = {
			isa = XCBuildConfiguration;
			buildSettings = {
				GCC_PRECOMPILE_PREFIX_HEADER = YES;
				GCC_PREFIX_HEADER = "LandsEnd/LandsEnd-Prefix.pch";
				INFOPLIST_FILE = "LandsEnd/LandsEnd-Info.plist";
				PRODUCT_NAME = "$(TARGET_NAME)";
				WRAPPER_EXTENSION = app;
			};
			name = Debug;
		};
		D6EB09B51752A5D100E42FA4 /* Release */ = {
			isa = XCBuildConfiguration;
			buildSettings = {
				CODE_SIGN_IDENTITY = "iPhone Distribution";
				"CODE_SIGN_IDENTITY[sdk=iphoneos*]" = "iPhone Distribution";
				GCC_PRECOMPILE_PREFIX_HEADER = YES;
				GCC_PREFIX_HEADER = "LandsEnd/LandsEnd-Prefix.pch";
				INFOPLIST_FILE = "LandsEnd/LandsEnd-Info.plist";
				PRODUCT_NAME = "$(TARGET_NAME)";
				PROVISIONING_PROFILE = "";
				"PROVISIONING_PROFILE[sdk=iphoneos*]" = "";
				WRAPPER_EXTENSION = app;
			};
			name = Release;
		};
/* End XCBuildConfiguration section */

/* Begin XCConfigurationList section */
		D6EB09731752A5D000E42FA4 /* Build configuration list for PBXProject "LandsEnd" */ = {
			isa = XCConfigurationList;
			buildConfigurations = (
				D6EB09B11752A5D100E42FA4 /* Debug */,
				D6EB09B21752A5D100E42FA4 /* Release */,
			);
			defaultConfigurationIsVisible = 0;
			defaultConfigurationName = Release;
		};
		D6EB09B31752A5D100E42FA4 /* Build configuration list for PBXNativeTarget "Lands End" */ = {
			isa = XCConfigurationList;
			buildConfigurations = (
				D6EB09B41752A5D100E42FA4 /* Debug */,
				D6EB09B51752A5D100E42FA4 /* Release */,
			);
			defaultConfigurationIsVisible = 0;
			defaultConfigurationName = Release;
		};
/* End XCConfigurationList section */
	};
	rootObject = D6EB09701752A5D000E42FA4 /* Project object */;
}
